
Microsoft Visual Studio Solution File, Format Version 12.00
# Visual Studio 14
VisualStudioVersion = 14.0.25420.1
MinimumVisualStudioVersion = 10.0.40219.1
Project("{FAE04EC0-301F-11D3-BF4B-00C04F79EFBC}") = "Astrocell", "Astrocell.csproj", "{4AE4094D-2C18-4814-84B8-1A34980677F0}"
EndProject
Project("{FAE04EC0-301F-11D3-BF4B-00C04F79EFBC}") = "MonoGame.Extended", "MonoGame.Extended\MonoGame.Extended.csproj", "{41724C52-3D50-45BB-81EB-3C8A247EAFD1}"
EndProject
Project("{FAE04EC0-301F-11D3-BF4B-00C04F79EFBC}") = "MonoGame.Extended.Animations", "MonoGame.Extended.Animations\MonoGame.Extended.Animations.csproj", "{587CE536-216F-41A1-B223-AE502C125B09}"
EndProject
Project("{FAE04EC0-301F-11D3-BF4B-00C04F79EFBC}") = "MonoGame.Extended.Collisions", "MonoGame.Extended.Collisions\MonoGame.Extended.Collisions.csproj", "{02562C6F-5BFB-467E-8A95-68B6CE2D635A}"
EndProject
Project("{FAE04EC0-301F-11D3-BF4B-00C04F79EFBC}") = "MonoGame.Extended.Content.Pipeline", "MonoGame.Extended.Content.Pipeline\MonoGame.Extended.Content.Pipeline.csproj", "{28CD24BD-432C-4987-9E9D-65CFCF120EA0}"
EndProject
Project("{FAE04EC0-301F-11D3-BF4B-00C04F79EFBC}") = "MonoGame.Extended.Input", "MonoGame.Extended.Input\MonoGame.Extended.Input.csproj", "{49C87598-994C-49B5-BBB3-7FFC342635D3}"
EndProject
Project("{FAE04EC0-301F-11D3-BF4B-00C04F79EFBC}") = "MonoGame.Extended.Gui", "MonoGame.Extended.Gui\MonoGame.Extended.Gui.csproj", "{8E425575-378A-4F83-88C9-F8BEBAD227C9}"
EndProject
Project("{FAE04EC0-301F-11D3-BF4B-00C04F79EFBC}") = "MonoGame.Extended.Graphics", "MonoGame.Extended.Graphics\MonoGame.Extended.Graphics.csproj", "{9B3AB8A1-78AA-471A-AFD0-B10B932115BC}"
EndProject
Project("{FAE04EC0-301F-11D3-BF4B-00C04F79EFBC}") = "MonoGame.Extended.Entities", "MonoGame.Extended.Entities\MonoGame.Extended.Entities.csproj", "{35FD1F05-AF04-469A-B37A-F9B36C34401C}"
EndProject
Project("{FAE04EC0-301F-11D3-BF4B-00C04F79EFBC}") = "MonoGame.Extended.Particles", "MonoGame.Extended.Particles\MonoGame.Extended.Particles.csproj", "{6C8B9E29-D09B-4901-80FD-45AAA35882C6}"
EndProject
Project("{FAE04EC0-301F-11D3-BF4B-00C04F79EFBC}") = "MonoGame.Extended.Tiled", "MonoGame.Extended.Tiled\MonoGame.Extended.Tiled.csproj", "{07B2ADE2-73E3-41C4-AEA1-D5566A5AB902}"
EndProject
Project("{FAE04EC0-301F-11D3-BF4B-00C04F79EFBC}") = "MonoGame.Extended.SceneGraphs", "MonoGame.Extended.SceneGraphs\MonoGame.Extended.SceneGraphs.csproj", "{FE61C3D7-D96D-4AA4-9EF1-17E457BB2C7C}"
EndProject
Project("{2150E333-8FDC-42A3-9474-1A3956D46DE8}") = "MGE", "MGE", "{FBE8E2B5-D8EE-4578-A3FB-E511AE609061}"
EndProject
Project("{FAE04EC0-301F-11D3-BF4B-00C04F79EFBC}") = "Astrocell.Battles", "..\Astrocell.Battles\Astrocell.Battles.csproj", "{4F2716EB-35CB-42EF-8D6A-58D8113798C1}"
EndProject
Global
	GlobalSection(SolutionConfigurationPlatforms) = preSolution
		Debug|Any CPU = Debug|Any CPU
		Debug|x86 = Debug|x86
		Release|Any CPU = Release|Any CPU
		Release|x86 = Release|x86
	EndGlobalSection
	GlobalSection(ProjectConfigurationPlatforms) = postSolution
		{4AE4094D-2C18-4814-84B8-1A34980677F0}.Debug|Any CPU.ActiveCfg = Debug|x86
		{4AE4094D-2C18-4814-84B8-1A34980677F0}.Debug|x86.ActiveCfg = Debug|x86
		{4AE4094D-2C18-4814-84B8-1A34980677F0}.Debug|x86.Build.0 = Debug|x86
		{4AE4094D-2C18-4814-84B8-1A34980677F0}.Release|Any CPU.ActiveCfg = Release|x86
		{4AE4094D-2C18-4814-84B8-1A34980677F0}.Release|x86.ActiveCfg = Release|x86
		{4AE4094D-2C18-4814-84B8-1A34980677F0}.Release|x86.Build.0 = Release|x86
		{41724C52-3D50-45BB-81EB-3C8A247EAFD1}.Debug|Any CPU.ActiveCfg = Debug|Any CPU
		{41724C52-3D50-45BB-81EB-3C8A247EAFD1}.Debug|Any CPU.Build.0 = Debug|Any CPU
		{41724C52-3D50-45BB-81EB-3C8A247EAFD1}.Debug|x86.ActiveCfg = Debug|Any CPU
		{41724C52-3D50-45BB-81EB-3C8A247EAFD1}.Debug|x86.Build.0 = Debug|Any CPU
		{41724C52-3D50-45BB-81EB-3C8A247EAFD1}.Release|Any CPU.ActiveCfg = Release|Any CPU
		{41724C52-3D50-45BB-81EB-3C8A247EAFD1}.Release|Any CPU.Build.0 = Release|Any CPU
		{41724C52-3D50-45BB-81EB-3C8A247EAFD1}.Release|x86.ActiveCfg = Release|Any CPU
		{41724C52-3D50-45BB-81EB-3C8A247EAFD1}.Release|x86.Build.0 = Release|Any CPU
		{587CE536-216F-41A1-B223-AE502C125B09}.Debug|Any CPU.ActiveCfg = Debug|Any CPU
		{587CE536-216F-41A1-B223-AE502C125B09}.Debug|Any CPU.Build.0 = Debug|Any CPU
		{587CE536-216F-41A1-B223-AE502C125B09}.Debug|x86.ActiveCfg = Debug|Any CPU
		{587CE536-216F-41A1-B223-AE502C125B09}.Debug|x86.Build.0 = Debug|Any CPU
		{587CE536-216F-41A1-B223-AE502C125B09}.Release|Any CPU.ActiveCfg = Release|Any CPU
		{587CE536-216F-41A1-B223-AE502C125B09}.Release|Any CPU.Build.0 = Release|Any CPU
		{587CE536-216F-41A1-B223-AE502C125B09}.Release|x86.ActiveCfg = Release|Any CPU
		{587CE536-216F-41A1-B223-AE502C125B09}.Release|x86.Build.0 = Release|Any CPU
		{02562C6F-5BFB-467E-8A95-68B6CE2D635A}.Debug|Any CPU.ActiveCfg = Debug|Any CPU
		{02562C6F-5BFB-467E-8A95-68B6CE2D635A}.Debug|Any CPU.Build.0 = Debug|Any CPU
		{02562C6F-5BFB-467E-8A95-68B6CE2D635A}.Debug|x86.ActiveCfg = Debug|Any CPU
		{02562C6F-5BFB-467E-8A95-68B6CE2D635A}.Debug|x86.Build.0 = Debug|Any CPU
		{02562C6F-5BFB-467E-8A95-68B6CE2D635A}.Release|Any CPU.ActiveCfg = Release|Any CPU
		{02562C6F-5BFB-467E-8A95-68B6CE2D635A}.Release|Any CPU.Build.0 = Release|Any CPU
		{02562C6F-5BFB-467E-8A95-68B6CE2D635A}.Release|x86.ActiveCfg = Release|Any CPU
		{02562C6F-5BFB-467E-8A95-68B6CE2D635A}.Release|x86.Build.0 = Release|Any CPU
		{28CD24BD-432C-4987-9E9D-65CFCF120EA0}.Debug|Any CPU.ActiveCfg = Debug|Any CPU
		{28CD24BD-432C-4987-9E9D-65CFCF120EA0}.Debug|Any CPU.Build.0 = Debug|Any CPU
		{28CD24BD-432C-4987-9E9D-65CFCF120EA0}.Debug|x86.ActiveCfg = Debug|Any CPU
		{28CD24BD-432C-4987-9E9D-65CFCF120EA0}.Debug|x86.Build.0 = Debug|Any CPU
		{28CD24BD-432C-4987-9E9D-65CFCF120EA0}.Release|Any CPU.ActiveCfg = Release|Any CPU
		{28CD24BD-432C-4987-9E9D-65CFCF120EA0}.Release|Any CPU.Build.0 = Release|Any CPU
		{28CD24BD-432C-4987-9E9D-65CFCF120EA0}.Release|x86.ActiveCfg = Release|Any CPU
		{28CD24BD-432C-4987-9E9D-65CFCF120EA0}.Release|x86.Build.0 = Release|Any CPU
		{49C87598-994C-49B5-BBB3-7FFC342635D3}.Debug|Any CPU.ActiveCfg = Debug|Any CPU
		{49C87598-994C-49B5-BBB3-7FFC342635D3}.Debug|Any CPU.Build.0 = Debug|Any CPU
		{49C87598-994C-49B5-BBB3-7FFC342635D3}.Debug|x86.ActiveCfg = Debug|Any CPU
		{49C87598-994C-49B5-BBB3-7FFC342635D3}.Debug|x86.Build.0 = Debug|Any CPU
		{49C87598-994C-49B5-BBB3-7FFC342635D3}.Release|Any CPU.ActiveCfg = Release|Any CPU
		{49C87598-994C-49B5-BBB3-7FFC342635D3}.Release|Any CPU.Build.0 = Release|Any CPU
		{49C87598-994C-49B5-BBB3-7FFC342635D3}.Release|x86.ActiveCfg = Release|Any CPU
		{49C87598-994C-49B5-BBB3-7FFC342635D3}.Release|x86.Build.0 = Release|Any CPU
		{8E425575-378A-4F83-88C9-F8BEBAD227C9}.Debug|Any CPU.ActiveCfg = Debug|Any CPU
		{8E425575-378A-4F83-88C9-F8BEBAD227C9}.Debug|Any CPU.Build.0 = Debug|Any CPU
		{8E425575-378A-4F83-88C9-F8BEBAD227C9}.Debug|x86.ActiveCfg = Debug|Any CPU
		{8E425575-378A-4F83-88C9-F8BEBAD227C9}.Debug|x86.Build.0 = Debug|Any CPU
		{8E425575-378A-4F83-88C9-F8BEBAD227C9}.Release|Any CPU.ActiveCfg = Release|Any CPU
		{8E425575-378A-4F83-88C9-F8BEBAD227C9}.Release|Any CPU.Build.0 = Release|Any CPU
		{8E425575-378A-4F83-88C9-F8BEBAD227C9}.Release|x86.ActiveCfg = Release|Any CPU
		{8E425575-378A-4F83-88C9-F8BEBAD227C9}.Release|x86.Build.0 = Release|Any CPU
		{9B3AB8A1-78AA-471A-AFD0-B10B932115BC}.Debug|Any CPU.ActiveCfg = Debug|Any CPU
		{9B3AB8A1-78AA-471A-AFD0-B10B932115BC}.Debug|Any CPU.Build.0 = Debug|Any CPU
		{9B3AB8A1-78AA-471A-AFD0-B10B932115BC}.Debug|x86.ActiveCfg = Debug|Any CPU
		{9B3AB8A1-78AA-471A-AFD0-B10B932115BC}.Debug|x86.Build.0 = Debug|Any CPU
		{9B3AB8A1-78AA-471A-AFD0-B10B932115BC}.Release|Any CPU.ActiveCfg = Release|Any CPU
		{9B3AB8A1-78AA-471A-AFD0-B10B932115BC}.Release|Any CPU.Build.0 = Release|Any CPU
		{9B3AB8A1-78AA-471A-AFD0-B10B932115BC}.Release|x86.ActiveCfg = Release|Any CPU
		{9B3AB8A1-78AA-471A-AFD0-B10B932115BC}.Release|x86.Build.0 = Release|Any CPU
		{35FD1F05-AF04-469A-B37A-F9B36C34401C}.Debug|Any CPU.ActiveCfg = Debug|Any CPU
		{35FD1F05-AF04-469A-B37A-F9B36C34401C}.Debug|Any CPU.Build.0 = Debug|Any CPU
		{35FD1F05-AF04-469A-B37A-F9B36C34401C}.Debug|x86.ActiveCfg = Debug|Any CPU
		{35FD1F05-AF04-469A-B37A-F9B36C34401C}.Debug|x86.Build.0 = Debug|Any CPU
		{35FD1F05-AF04-469A-B37A-F9B36C34401C}.Release|Any CPU.ActiveCfg = Release|Any CPU
		{35FD1F05-AF04-469A-B37A-F9B36C34401C}.Release|Any CPU.Build.0 = Release|Any CPU
		{35FD1F05-AF04-469A-B37A-F9B36C34401C}.Release|x86.ActiveCfg = Release|Any CPU
		{35FD1F05-AF04-469A-B37A-F9B36C34401C}.Release|x86.Build.0 = Release|Any CPU
		{6C8B9E29-D09B-4901-80FD-45AAA35882C6}.Debug|Any CPU.ActiveCfg = Debug|Any CPU
		{6C8B9E29-D09B-4901-80FD-45AAA35882C6}.Debug|Any CPU.Build.0 = Debug|Any CPU
		{6C8B9E29-D09B-4901-80FD-45AAA35882C6}.Debug|x86.ActiveCfg = Debug|Any CPU
		{6C8B9E29-D09B-4901-80FD-45AAA35882C6}.Debug|x86.Build.0 = Debug|Any CPU
		{6C8B9E29-D09B-4901-80FD-45AAA35882C6}.Release|Any CPU.ActiveCfg = Release|Any CPU
		{6C8B9E29-D09B-4901-80FD-45AAA35882C6}.Release|Any CPU.Build.0 = Release|Any CPU
		{6C8B9E29-D09B-4901-80FD-45AAA35882C6}.Release|x86.ActiveCfg = Release|Any CPU
		{6C8B9E29-D09B-4901-80FD-45AAA35882C6}.Release|x86.Build.0 = Release|Any CPU
		{07B2ADE2-73E3-41C4-AEA1-D5566A5AB902}.Debug|Any CPU.ActiveCfg = Debug|Any CPU
		{07B2ADE2-73E3-41C4-AEA1-D5566A5AB902}.Debug|Any CPU.Build.0 = Debug|Any CPU
		{07B2ADE2-73E3-41C4-AEA1-D5566A5AB902}.Debug|x86.ActiveCfg = Debug|Any CPU
		{07B2ADE2-73E3-41C4-AEA1-D5566A5AB902}.Debug|x86.Build.0 = Debug|Any CPU
		{07B2ADE2-73E3-41C4-AEA1-D5566A5AB902}.Release|Any CPU.ActiveCfg = Release|Any CPU
		{07B2ADE2-73E3-41C4-AEA1-D5566A5AB902}.Release|Any CPU.Build.0 = Release|Any CPU
		{07B2ADE2-73E3-41C4-AEA1-D5566A5AB902}.Release|x86.ActiveCfg = Release|Any CPU
		{07B2ADE2-73E3-41C4-AEA1-D5566A5AB902}.Release|x86.Build.0 = Release|Any CPU
		{FE61C3D7-D96D-4AA4-9EF1-17E457BB2C7C}.Debug|Any CPU.ActiveCfg = Debug|Any CPU
		{FE61C3D7-D96D-4AA4-9EF1-17E457BB2C7C}.Debug|Any CPU.Build.0 = Debug|Any CPU
		{FE61C3D7-D96D-4AA4-9EF1-17E457BB2C7C}.Debug|x86.ActiveCfg = Debug|Any CPU
		{FE61C3D7-D96D-4AA4-9EF1-17E457BB2C7C}.Debug|x86.Build.0 = Debug|Any CPU
		{FE61C3D7-D96D-4AA4-9EF1-17E457BB2C7C}.Release|Any CPU.ActiveCfg = Release|Any CPU
		{FE61C3D7-D96D-4AA4-9EF1-17E457BB2C7C}.Release|Any CPU.Build.0 = Release|Any CPU
		{FE61C3D7-D96D-4AA4-9EF1-17E457BB2C7C}.Release|x86.ActiveCfg = Release|Any CPU
		{FE61C3D7-D96D-4AA4-9EF1-17E457BB2C7C}.Release|x86.Build.0 = Release|Any CPU
		{4F2716EB-35CB-42EF-8D6A-58D8113798C1}.Debug|Any CPU.ActiveCfg = Debug|Any CPU
		{4F2716EB-35CB-42EF-8D6A-58D8113798C1}.Debug|Any CPU.Build.0 = Debug|Any CPU
		{4F2716EB-35CB-42EF-8D6A-58D8113798C1}.Debug|x86.ActiveCfg = Debug|Any CPU
		{4F2716EB-35CB-42EF-8D6A-58D8113798C1}.Debug|x86.Build.0 = Debug|Any CPU
		{4F2716EB-35CB-42EF-8D6A-58D8113798C1}.Release|Any CPU.ActiveCfg = Release|Any CPU
		{4F2716EB-35CB-42EF-8D6A-58D8113798C1}.Release|Any CPU.Build.0 = Release|Any CPU
		{4F2716EB-35CB-42EF-8D6A-58D8113798C1}.Release|x86.ActiveCfg = Release|Any CPU
		{4F2716EB-35CB-42EF-8D6A-58D8113798C1}.Release|x86.Build.0 = Release|Any CPU
	EndGlobalSection
	GlobalSection(SolutionProperties) = preSolution
		HideSolutionNode = FALSE
	EndGlobalSection
	GlobalSection(NestedProjects) = preSolution
		{41724C52-3D50-45BB-81EB-3C8A247EAFD1} = {FBE8E2B5-D8EE-4578-A3FB-E511AE609061}
		{587CE536-216F-41A1-B223-AE502C125B09} = {FBE8E2B5-D8EE-4578-A3FB-E511AE609061}
		{02562C6F-5BFB-467E-8A95-68B6CE2D635A} = {FBE8E2B5-D8EE-4578-A3FB-E511AE609061}
		{28CD24BD-432C-4987-9E9D-65CFCF120EA0} = {FBE8E2B5-D8EE-4578-A3FB-E511AE609061}
		{49C87598-994C-49B5-BBB3-7FFC342635D3} = {FBE8E2B5-D8EE-4578-A3FB-E511AE609061}
		{8E425575-378A-4F83-88C9-F8BEBAD227C9} = {FBE8E2B5-D8EE-4578-A3FB-E511AE609061}
		{9B3AB8A1-78AA-471A-AFD0-B10B932115BC} = {FBE8E2B5-D8EE-4578-A3FB-E511AE609061}
		{35FD1F05-AF04-469A-B37A-F9B36C34401C} = {FBE8E2B5-D8EE-4578-A3FB-E511AE609061}
		{6C8B9E29-D09B-4901-80FD-45AAA35882C6} = {FBE8E2B5-D8EE-4578-A3FB-E511AE609061}
		{07B2ADE2-73E3-41C4-AEA1-D5566A5AB902} = {FBE8E2B5-D8EE-4578-A3FB-E511AE609061}
		{FE61C3D7-D96D-4AA4-9EF1-17E457BB2C7C} = {FBE8E2B5-D8EE-4578-A3FB-E511AE609061}
	EndGlobalSection
EndGlobal
